// !$*UTF8*$!
{
	archiveVersion = 1;
	classes = {
	};
	objectVersion = 50;
	objects = {

/* Begin PBXBuildFile section */
		2C058CDA295226ED006C676F /* QuakeError.swift in Sources */ = {isa = PBXBuildFile; fileRef = 2C058CD9295226ED006C676F /* QuakeError.swift */; };
		2C058CE22952282A006C676F /* EarthquakesTests.swift in Sources */ = {isa = PBXBuildFile; fileRef = 2C058CE12952282A006C676F /* EarthquakesTests.swift */; };
		2C058CEC29523257006C676F /* GeoJSON.swift in Sources */ = {isa = PBXBuildFile; fileRef = 2C058CEA295231D3006C676F /* GeoJSON.swift */; };
		2C058CEF295235B2006C676F /* QuakeLocation.swift in Sources */ = {isa = PBXBuildFile; fileRef = 2C058CED295234BC006C676F /* QuakeLocation.swift */; };
		2C058CF2295246E1006C676F /* HTTPDataDownloader.swift in Sources */ = {isa = PBXBuildFile; fileRef = 2C058CF029524593006C676F /* HTTPDataDownloader.swift */; };
		2C058CF529524C66006C676F /* QuakeClient.swift in Sources */ = {isa = PBXBuildFile; fileRef = 2C058CF32952484F006C676F /* QuakeClient.swift */; };
		2C058CFE29526678006C676F /* TestDownloader.swift in Sources */ = {isa = PBXBuildFile; fileRef = 2C058CF729526221006C676F /* TestDownloader.swift */; };
		2C058CFF2952667B006C676F /* TestData.swift in Sources */ = {isa = PBXBuildFile; fileRef = 2C058CE8295229AE006C676F /* TestData.swift */; };
		2C058D0329526998006C676F /* QuakesProvider.swift in Sources */ = {isa = PBXBuildFile; fileRef = 2C058D0129526932006C676F /* QuakesProvider.swift */; };
		2C058D082954D83D006C676F /* NSCached+Subscript.swift in Sources */ = {isa = PBXBuildFile; fileRef = 2C058D062954D6D8006C676F /* NSCached+Subscript.swift */; };
		2C058D092954D84E006C676F /* CacheEntry.swift in Sources */ = {isa = PBXBuildFile; fileRef = 2C058D042954D625006C676F /* CacheEntry.swift */; };
		2C058D0C2954E57A006C676F /* Quake+Preview.swift in Sources */ = {isa = PBXBuildFile; fileRef = 2C058D0A2954E536006C676F /* Quake+Preview.swift */; };
		2C058D0F2954E667006C676F /* QuakeDetail.swift in Sources */ = {isa = PBXBuildFile; fileRef = 2C058D0D2954E5B7006C676F /* QuakeDetail.swift */; };
		2C058D1229550032006C676F /* QuakeDetailMap.swift in Sources */ = {isa = PBXBuildFile; fileRef = 2C058D102954FFE8006C676F /* QuakeDetailMap.swift */; };
		7CC62565273C2A9200F87758 /* Quake+Color.swift in Sources */ = {isa = PBXBuildFile; fileRef = 7CC62564273C2A9200F87758 /* Quake+Color.swift */; };
		AA2F4EB4276BACEC009837CD /* QuakeMagnitude.swift in Sources */ = {isa = PBXBuildFile; fileRef = AA2F4EB3276BACEC009837CD /* QuakeMagnitude.swift */; };
		AA988DD327E900B6004EA073 /* Quakes+Toolbar.swift in Sources */ = {isa = PBXBuildFile; fileRef = AA988DD227E900B6004EA073 /* Quakes+Toolbar.swift */; };
		AA988DD527E9016A004EA073 /* SelectButton.swift in Sources */ = {isa = PBXBuildFile; fileRef = AA988DD427E9016A004EA073 /* SelectButton.swift */; };
		AA988DD727E90189004EA073 /* EditButton.swift in Sources */ = {isa = PBXBuildFile; fileRef = AA988DD627E90189004EA073 /* EditButton.swift */; };
		AA988DD927E901B0004EA073 /* RefreshButton.swift in Sources */ = {isa = PBXBuildFile; fileRef = AA988DD827E901B0004EA073 /* RefreshButton.swift */; };
		AA988DDB27E9028A004EA073 /* ToolbarStatus.swift in Sources */ = {isa = PBXBuildFile; fileRef = AA988DDA27E9028A004EA073 /* ToolbarStatus.swift */; };
		AA988DDD27E9030A004EA073 /* DeleteButton.swift in Sources */ = {isa = PBXBuildFile; fileRef = AA988DDC27E9030A004EA073 /* DeleteButton.swift */; };
		AD43F1E626158A640068AABC /* EarthquakesApp.swift in Sources */ = {isa = PBXBuildFile; fileRef = AD43F1E526158A640068AABC /* EarthquakesApp.swift */; };
		AD43F1EA26158A660068AABC /* Assets.xcassets in Resources */ = {isa = PBXBuildFile; fileRef = AD43F1E926158A660068AABC /* Assets.xcassets */; };
		AD43F1ED26158A660068AABC /* Preview Assets.xcassets in Resources */ = {isa = PBXBuildFile; fileRef = AD43F1EC26158A660068AABC /* Preview Assets.xcassets */; };
		AD43F1FA26158CD50068AABC /* Quake.swift in Sources */ = {isa = PBXBuildFile; fileRef = AD43F1F826158CD50068AABC /* Quake.swift */; };
		AD57B10226561FE1005183D0 /* Quakes.swift in Sources */ = {isa = PBXBuildFile; fileRef = AD57B10126561FE1005183D0 /* Quakes.swift */; };
		ADDDB1812625242200241A73 /* QuakeRow.swift in Sources */ = {isa = PBXBuildFile; fileRef = ADDDB1802625242200241A73 /* QuakeRow.swift */; };
/* End PBXBuildFile section */

/* Begin PBXContainerItemProxy section */
		2C058CE32952282A006C676F /* PBXContainerItemProxy */ = {
			isa = PBXContainerItemProxy;
			containerPortal = AD43F1DA26158A630068AABC /* Project object */;
			proxyType = 1;
			remoteGlobalIDString = AD43F1E126158A640068AABC;
			remoteInfo = "Earthquakes-iOS";
		};
/* End PBXContainerItemProxy section */

/* Begin PBXFileReference section */
		20E8E62C4A6D78D282B06BA8 /* ACKNOWLEDGEMENTS.txt */ = {isa = PBXFileReference; includeInIndex = 1; lastKnownFileType = text; path = ACKNOWLEDGEMENTS.txt; sourceTree = "<group>"; };
		2C058CD9295226ED006C676F /* QuakeError.swift */ = {isa = PBXFileReference; lastKnownFileType = sourcecode.swift; path = QuakeError.swift; sourceTree = "<group>"; };
		2C058CDF2952282A006C676F /* EarthquakesTests.xctest */ = {isa = PBXFileReference; explicitFileType = wrapper.cfbundle; includeInIndex = 0; path = EarthquakesTests.xctest; sourceTree = BUILT_PRODUCTS_DIR; };
		2C058CE12952282A006C676F /* EarthquakesTests.swift */ = {isa = PBXFileReference; lastKnownFileType = sourcecode.swift; path = EarthquakesTests.swift; sourceTree = "<group>"; };
		2C058CE8295229AE006C676F /* TestData.swift */ = {isa = PBXFileReference; lastKnownFileType = sourcecode.swift; path = TestData.swift; sourceTree = "<group>"; };
		2C058CEA295231D3006C676F /* GeoJSON.swift */ = {isa = PBXFileReference; lastKnownFileType = sourcecode.swift; path = GeoJSON.swift; sourceTree = "<group>"; };
		2C058CED295234BC006C676F /* QuakeLocation.swift */ = {isa = PBXFileReference; lastKnownFileType = sourcecode.swift; path = QuakeLocation.swift; sourceTree = "<group>"; };
		2C058CF029524593006C676F /* HTTPDataDownloader.swift */ = {isa = PBXFileReference; lastKnownFileType = sourcecode.swift; path = HTTPDataDownloader.swift; sourceTree = "<group>"; };
		2C058CF32952484F006C676F /* QuakeClient.swift */ = {isa = PBXFileReference; lastKnownFileType = sourcecode.swift; path = QuakeClient.swift; sourceTree = "<group>"; };
		2C058CF729526221006C676F /* TestDownloader.swift */ = {isa = PBXFileReference; lastKnownFileType = sourcecode.swift; path = TestDownloader.swift; sourceTree = "<group>"; };
		2C058D0129526932006C676F /* QuakesProvider.swift */ = {isa = PBXFileReference; lastKnownFileType = sourcecode.swift; path = QuakesProvider.swift; sourceTree = "<group>"; };
		2C058D042954D625006C676F /* CacheEntry.swift */ = {isa = PBXFileReference; lastKnownFileType = sourcecode.swift; path = CacheEntry.swift; sourceTree = "<group>"; };
		2C058D062954D6D8006C676F /* NSCached+Subscript.swift */ = {isa = PBXFileReference; lastKnownFileType = sourcecode.swift; path = "NSCached+Subscript.swift"; sourceTree = "<group>"; };
		2C058D0A2954E536006C676F /* Quake+Preview.swift */ = {isa = PBXFileReference; lastKnownFileType = sourcecode.swift; path = "Quake+Preview.swift"; sourceTree = "<group>"; };
		2C058D0D2954E5B7006C676F /* QuakeDetail.swift */ = {isa = PBXFileReference; lastKnownFileType = sourcecode.swift; path = QuakeDetail.swift; sourceTree = "<group>"; };
		2C058D102954FFE8006C676F /* QuakeDetailMap.swift */ = {isa = PBXFileReference; lastKnownFileType = sourcecode.swift; path = QuakeDetailMap.swift; sourceTree = "<group>"; };
		54CF5BED3CD9DE525986B01C /* LICENSE.txt */ = {isa = PBXFileReference; includeInIndex = 1; lastKnownFileType = text; path = LICENSE.txt; sourceTree = "<group>"; };
		6EC8C05DC1E92B40CD3EBA87 /* SampleCode.xcconfig */ = {isa = PBXFileReference; lastKnownFileType = text.xcconfig; name = SampleCode.xcconfig; path = Configuration/SampleCode.xcconfig; sourceTree = "<group>"; };
		7CC62564273C2A9200F87758 /* Quake+Color.swift */ = {isa = PBXFileReference; lastKnownFileType = sourcecode.swift; path = "Quake+Color.swift"; sourceTree = "<group>"; };
		AA2F4EAF276BA585009837CD /* README.md */ = {isa = PBXFileReference; lastKnownFileType = net.daringfireball.markdown; path = README.md; sourceTree = "<group>"; };
		AA2F4EB3276BACEC009837CD /* QuakeMagnitude.swift */ = {isa = PBXFileReference; lastKnownFileType = sourcecode.swift; name = QuakeMagnitude.swift; path = Earthquakes/Views/QuakeMagnitude.swift; sourceTree = SOURCE_ROOT; };
		AA988DD227E900B6004EA073 /* Quakes+Toolbar.swift */ = {isa = PBXFileReference; lastKnownFileType = sourcecode.swift; path = "Quakes+Toolbar.swift"; sourceTree = "<group>"; };
		AA988DD427E9016A004EA073 /* SelectButton.swift */ = {isa = PBXFileReference; lastKnownFileType = sourcecode.swift; path = SelectButton.swift; sourceTree = "<group>"; };
		AA988DD627E90189004EA073 /* EditButton.swift */ = {isa = PBXFileReference; lastKnownFileType = sourcecode.swift; path = EditButton.swift; sourceTree = "<group>"; };
		AA988DD827E901B0004EA073 /* RefreshButton.swift */ = {isa = PBXFileReference; lastKnownFileType = sourcecode.swift; path = RefreshButton.swift; sourceTree = "<group>"; };
		AA988DDA27E9028A004EA073 /* ToolbarStatus.swift */ = {isa = PBXFileReference; lastKnownFileType = sourcecode.swift; path = ToolbarStatus.swift; sourceTree = "<group>"; };
		AA988DDC27E9030A004EA073 /* DeleteButton.swift */ = {isa = PBXFileReference; lastKnownFileType = sourcecode.swift; path = DeleteButton.swift; sourceTree = "<group>"; };
		AD43F1E226158A640068AABC /* Earthquakes.app */ = {isa = PBXFileReference; explicitFileType = wrapper.application; includeInIndex = 0; path = Earthquakes.app; sourceTree = BUILT_PRODUCTS_DIR; };
		AD43F1E526158A640068AABC /* EarthquakesApp.swift */ = {isa = PBXFileReference; lastKnownFileType = sourcecode.swift; name = EarthquakesApp.swift; path = Earthquakes/EarthquakesApp.swift; sourceTree = "<group>"; };
		AD43F1E926158A660068AABC /* Assets.xcassets */ = {isa = PBXFileReference; lastKnownFileType = folder.assetcatalog; path = Assets.xcassets; sourceTree = "<group>"; };
		AD43F1EC26158A660068AABC /* Preview Assets.xcassets */ = {isa = PBXFileReference; lastKnownFileType = folder.assetcatalog; path = "Preview Assets.xcassets"; sourceTree = "<group>"; };
		AD43F1F826158CD50068AABC /* Quake.swift */ = {isa = PBXFileReference; lastKnownFileType = sourcecode.swift; path = Quake.swift; sourceTree = "<group>"; };
		AD57B10126561FE1005183D0 /* Quakes.swift */ = {isa = PBXFileReference; lastKnownFileType = sourcecode.swift; path = Quakes.swift; sourceTree = "<group>"; };
		ADDDB1802625242200241A73 /* QuakeRow.swift */ = {isa = PBXFileReference; lastKnownFileType = sourcecode.swift; path = QuakeRow.swift; sourceTree = "<group>"; };
/* End PBXFileReference section */

/* Begin PBXFrameworksBuildPhase section */
		2C058CDC2952282A006C676F /* Frameworks */ = {
			isa = PBXFrameworksBuildPhase;
			buildActionMask = 2147483647;
			files = (
			);
			runOnlyForDeploymentPostprocessing = 0;
		};
		AD43F1DF26158A640068AABC /* Frameworks */ = {
			isa = PBXFrameworksBuildPhase;
			buildActionMask = 2147483647;
			files = (
			);
			runOnlyForDeploymentPostprocessing = 0;
		};
/* End PBXFrameworksBuildPhase section */

/* Begin PBXGroup section */
		2C058CE02952282A006C676F /* EarthquakesTests */ = {
			isa = PBXGroup;
			children = (
				2C058CE12952282A006C676F /* EarthquakesTests.swift */,
			);
			path = EarthquakesTests;
			sourceTree = "<group>";
		};
		4FABF2CAC461AE822830A879 /* LICENSE */ = {
			isa = PBXGroup;
			children = (
				54CF5BED3CD9DE525986B01C /* LICENSE.txt */,
				20E8E62C4A6D78D282B06BA8 /* ACKNOWLEDGEMENTS.txt */,
			);
			path = LICENSE;
			sourceTree = "<group>";
		};
		AA988DD127E9007E004EA073 /* ToolbarContent */ = {
			isa = PBXGroup;
			children = (
				AA988DD227E900B6004EA073 /* Quakes+Toolbar.swift */,
				AA988DD427E9016A004EA073 /* SelectButton.swift */,
				AA988DD627E90189004EA073 /* EditButton.swift */,
				AA988DD827E901B0004EA073 /* RefreshButton.swift */,
				AA988DDA27E9028A004EA073 /* ToolbarStatus.swift */,
				AA988DDC27E9030A004EA073 /* DeleteButton.swift */,
			);
			path = ToolbarContent;
			sourceTree = "<group>";
		};
		AD2FC4C92654EF4500E135D2 /* Resources */ = {
			isa = PBXGroup;
			children = (
				AD43F1E926158A660068AABC /* Assets.xcassets */,
			);
			name = Resources;
			path = Earthquakes/Resources;
			sourceTree = "<group>";
		};
		AD43F1D926158A630068AABC = {
			isa = PBXGroup;
			children = (
				AA2F4EAF276BA585009837CD /* README.md */,
				AD43F1E526158A640068AABC /* EarthquakesApp.swift */,
				ADFCD5352630D167008A14D0 /* Models */,
				ADFCD5362630DA13008A14D0 /* Views */,
				AD2FC4C92654EF4500E135D2 /* Resources */,
				AD43F1EB26158A660068AABC /* Preview Content */,
				2C058CE02952282A006C676F /* EarthquakesTests */,
				AD43F1E326158A640068AABC /* Products */,
				F38659F177DF4910BA5B5E33 /* Configuration */,
				4FABF2CAC461AE822830A879 /* LICENSE */,
			);
			sourceTree = "<group>";
		};
		AD43F1E326158A640068AABC /* Products */ = {
			isa = PBXGroup;
			children = (
				AD43F1E226158A640068AABC /* Earthquakes.app */,
				2C058CDF2952282A006C676F /* EarthquakesTests.xctest */,
			);
			name = Products;
			sourceTree = "<group>";
		};
		AD43F1EB26158A660068AABC /* Preview Content */ = {
			isa = PBXGroup;
			children = (
				2C058CE8295229AE006C676F /* TestData.swift */,
				AD43F1EC26158A660068AABC /* Preview Assets.xcassets */,
				2C058CF729526221006C676F /* TestDownloader.swift */,
				2C058D0A2954E536006C676F /* Quake+Preview.swift */,
			);
			name = "Preview Content";
			path = "Earthquakes/Preview Content";
			sourceTree = "<group>";
		};
		ADFCD5352630D167008A14D0 /* Models */ = {
			isa = PBXGroup;
			children = (
				AD43F1F826158CD50068AABC /* Quake.swift */,
				7CC62564273C2A9200F87758 /* Quake+Color.swift */,
				2C058CD9295226ED006C676F /* QuakeError.swift */,
				2C058CEA295231D3006C676F /* GeoJSON.swift */,
				2C058CED295234BC006C676F /* QuakeLocation.swift */,
				2C058CF029524593006C676F /* HTTPDataDownloader.swift */,
				2C058CF32952484F006C676F /* QuakeClient.swift */,
				2C058D0129526932006C676F /* QuakesProvider.swift */,
				2C058D042954D625006C676F /* CacheEntry.swift */,
				2C058D062954D6D8006C676F /* NSCached+Subscript.swift */,
			);
			name = Models;
			path = Earthquakes/Models;
			sourceTree = "<group>";
		};
		ADFCD5362630DA13008A14D0 /* Views */ = {
			isa = PBXGroup;
			children = (
				AD57B10126561FE1005183D0 /* Quakes.swift */,
				ADDDB1802625242200241A73 /* QuakeRow.swift */,
				AA2F4EB3276BACEC009837CD /* QuakeMagnitude.swift */,
				AA988DD127E9007E004EA073 /* ToolbarContent */,
				2C058D0D2954E5B7006C676F /* QuakeDetail.swift */,
				2C058D102954FFE8006C676F /* QuakeDetailMap.swift */,
			);
			name = Views;
			path = Earthquakes/Views;
			sourceTree = "<group>";
		};
		F38659F177DF4910BA5B5E33 /* Configuration */ = {
			isa = PBXGroup;
			children = (
				6EC8C05DC1E92B40CD3EBA87 /* SampleCode.xcconfig */,
			);
			name = Configuration;
			sourceTree = "<group>";
		};
/* End PBXGroup section */

/* Begin PBXNativeTarget section */
		2C058CDE2952282A006C676F /* EarthquakesTests */ = {
			isa = PBXNativeTarget;
			buildConfigurationList = 2C058CE52952282A006C676F /* Build configuration list for PBXNativeTarget "EarthquakesTests" */;
			buildPhases = (
				2C058CDB2952282A006C676F /* Sources */,
				2C058CDC2952282A006C676F /* Frameworks */,
				2C058CDD2952282A006C676F /* Resources */,
			);
			buildRules = (
			);
			dependencies = (
				2C058CE42952282A006C676F /* PBXTargetDependency */,
			);
			name = EarthquakesTests;
			productName = EarthquakesTests;
			productReference = 2C058CDF2952282A006C676F /* EarthquakesTests.xctest */;
			productType = "com.apple.product-type.bundle.unit-test";
		};
		AD43F1E126158A640068AABC /* Earthquakes-iOS */ = {
			isa = PBXNativeTarget;
			buildConfigurationList = AD43F1F526158A660068AABC /* Build configuration list for PBXNativeTarget "Earthquakes-iOS" */;
			buildPhases = (
				AD43F1DE26158A640068AABC /* Sources */,
				AD43F1DF26158A640068AABC /* Frameworks */,
				AD43F1E026158A640068AABC /* Resources */,
			);
			buildRules = (
			);
			dependencies = (
			);
			name = "Earthquakes-iOS";
			productName = Earthquakes;
			productReference = AD43F1E226158A640068AABC /* Earthquakes.app */;
			productType = "com.apple.product-type.application";
		};
/* End PBXNativeTarget section */

/* Begin PBXProject section */
		AD43F1DA26158A630068AABC /* Project object */ = {
			isa = PBXProject;
			attributes = {
				DefaultBuildSystemTypeForWorkspace = Latest;
				LastSwiftUpdateCheck = 1340;
				LastUpgradeCheck = 1300;
				ORGANIZATIONNAME = Apple;
				TargetAttributes = {
					2C058CDE2952282A006C676F = {
						CreatedOnToolsVersion = 13.4.1;
						TestTargetID = AD43F1E126158A640068AABC;
					};
					AD43F1E126158A640068AABC = {
						CreatedOnToolsVersion = 13.0;
					};
				};
			};
			buildConfigurationList = AD43F1DD26158A630068AABC /* Build configuration list for PBXProject "Earthquakes" */;
			compatibilityVersion = "Xcode 9.3";
			developmentRegion = en;
			hasScannedForEncodings = 0;
			knownRegions = (
				en,
				Base,
			);
			mainGroup = AD43F1D926158A630068AABC;
			productRefGroup = AD43F1E326158A640068AABC /* Products */;
			projectDirPath = "";
			projectRoot = "";
			targets = (
				AD43F1E126158A640068AABC /* Earthquakes-iOS */,
				2C058CDE2952282A006C676F /* EarthquakesTests */,
			);
		};
/* End PBXProject section */

/* Begin PBXResourcesBuildPhase section */
		2C058CDD2952282A006C676F /* Resources */ = {
			isa = PBXResourcesBuildPhase;
			buildActionMask = 2147483647;
			files = (
			);
			runOnlyForDeploymentPostprocessing = 0;
		};
		AD43F1E026158A640068AABC /* Resources */ = {
			isa = PBXResourcesBuildPhase;
			buildActionMask = 2147483647;
			files = (
				AD43F1ED26158A660068AABC /* Preview Assets.xcassets in Resources */,
				AD43F1EA26158A660068AABC /* Assets.xcassets in Resources */,
			);
			runOnlyForDeploymentPostprocessing = 0;
		};
/* End PBXResourcesBuildPhase section */

/* Begin PBXSourcesBuildPhase section */
		2C058CDB2952282A006C676F /* Sources */ = {
			isa = PBXSourcesBuildPhase;
			buildActionMask = 2147483647;
			files = (
				2C058CE22952282A006C676F /* EarthquakesTests.swift in Sources */,
			);
			runOnlyForDeploymentPostprocessing = 0;
		};
		AD43F1DE26158A640068AABC /* Sources */ = {
			isa = PBXSourcesBuildPhase;
			buildActionMask = 2147483647;
			files = (
				2C058CFE29526678006C676F /* TestDownloader.swift in Sources */,
				AA2F4EB4276BACEC009837CD /* QuakeMagnitude.swift in Sources */,
				AA988DD727E90189004EA073 /* EditButton.swift in Sources */,
				AA988DD527E9016A004EA073 /* SelectButton.swift in Sources */,
				2C058CEC29523257006C676F /* GeoJSON.swift in Sources */,
				2C058D1229550032006C676F /* QuakeDetailMap.swift in Sources */,
				2C058D082954D83D006C676F /* NSCached+Subscript.swift in Sources */,
				ADDDB1812625242200241A73 /* QuakeRow.swift in Sources */,
				2C058D092954D84E006C676F /* CacheEntry.swift in Sources */,
				7CC62565273C2A9200F87758 /* Quake+Color.swift in Sources */,
				AD43F1E626158A640068AABC /* EarthquakesApp.swift in Sources */,
				2C058D0329526998006C676F /* QuakesProvider.swift in Sources */,
				AA988DDB27E9028A004EA073 /* ToolbarStatus.swift in Sources */,
				AA988DD327E900B6004EA073 /* Quakes+Toolbar.swift in Sources */,
				AA988DDD27E9030A004EA073 /* DeleteButton.swift in Sources */,
				2C058CDA295226ED006C676F /* QuakeError.swift in Sources */,
				2C058D0C2954E57A006C676F /* Quake+Preview.swift in Sources */,
				2C058CEF295235B2006C676F /* QuakeLocation.swift in Sources */,
				2C058CFF2952667B006C676F /* TestData.swift in Sources */,
				2C058CF2295246E1006C676F /* HTTPDataDownloader.swift in Sources */,
				AA988DD927E901B0004EA073 /* RefreshButton.swift in Sources */,
				2C058CF529524C66006C676F /* QuakeClient.swift in Sources */,
				AD57B10226561FE1005183D0 /* Quakes.swift in Sources */,
				2C058D0F2954E667006C676F /* QuakeDetail.swift in Sources */,
				AD43F1FA26158CD50068AABC /* Quake.swift in Sources */,
			);
			runOnlyForDeploymentPostprocessing = 0;
		};
/* End PBXSourcesBuildPhase section */

/* Begin PBXTargetDependency section */
		2C058CE42952282A006C676F /* PBXTargetDependency */ = {
			isa = PBXTargetDependency;
			target = AD43F1E126158A640068AABC /* Earthquakes-iOS */;
			targetProxy = 2C058CE32952282A006C676F /* PBXContainerItemProxy */;
		};
/* End PBXTargetDependency section */

/* Begin XCBuildConfiguration section */
		2C058CE62952282A006C676F /* Debug */ = {
			isa = XCBuildConfiguration;
			buildSettings = {
				BUNDLE_LOADER = "$(TEST_HOST)";
				CLANG_CXX_LANGUAGE_STANDARD = "gnu++17";
				CODE_SIGN_STYLE = Automatic;
				CURRENT_PROJECT_VERSION = 1;
				DEVELOPMENT_TEAM = NF77MB45RZ;
				GENERATE_INFOPLIST_FILE = YES;
				IPHONEOS_DEPLOYMENT_TARGET = 15.5;
				MARKETING_VERSION = 1.0;
				PRODUCT_BUNDLE_IDENTIFIER = RafaelPerez.EarthquakesTests;
				PRODUCT_NAME = "$(TARGET_NAME)";
				SWIFT_EMIT_LOC_STRINGS = NO;
				SWIFT_VERSION = 5.0;
				TARGETED_DEVICE_FAMILY = "1,2";
				TEST_HOST = "$(BUILT_PRODUCTS_DIR)/Earthquakes.app/Earthquakes";
			};
			name = Debug;
		};
		2C058CE72952282A006C676F /* Release */ = {
			isa = XCBuildConfiguration;
			buildSettings = {
				BUNDLE_LOADER = "$(TEST_HOST)";
				CLANG_CXX_LANGUAGE_STANDARD = "gnu++17";
				CODE_SIGN_STYLE = Automatic;
				CURRENT_PROJECT_VERSION = 1;
				DEVELOPMENT_TEAM = NF77MB45RZ;
				GENERATE_INFOPLIST_FILE = YES;
				IPHONEOS_DEPLOYMENT_TARGET = 15.5;
				MARKETING_VERSION = 1.0;
				PRODUCT_BUNDLE_IDENTIFIER = RafaelPerez.EarthquakesTests;
				PRODUCT_NAME = "$(TARGET_NAME)";
				SWIFT_EMIT_LOC_STRINGS = NO;
				SWIFT_VERSION = 5.0;
				TARGETED_DEVICE_FAMILY = "1,2";
				TEST_HOST = "$(BUILT_PRODUCTS_DIR)/Earthquakes.app/Earthquakes";
			};
			name = Release;
		};
		AD43F1F326158A660068AABC /* Debug */ = {
			isa = XCBuildConfiguration;
			baseConfigurationReference = 6EC8C05DC1E92B40CD3EBA87 /* SampleCode.xcconfig */;
			buildSettings = {
				ALWAYS_SEARCH_USER_PATHS = NO;
				CLANG_ANALYZER_NONNULL = YES;
				CLANG_ANALYZER_NUMBER_OBJECT_CONVERSION = YES_AGGRESSIVE;
				CLANG_CXX_LANGUAGE_STANDARD = "gnu++14";
				CLANG_CXX_LIBRARY = "libc++";
				CLANG_ENABLE_MODULES = YES;
				CLANG_ENABLE_OBJC_ARC = YES;
				CLANG_ENABLE_OBJC_WEAK = YES;
				CLANG_WARN_BLOCK_CAPTURE_AUTORELEASING = YES;
				CLANG_WARN_BOOL_CONVERSION = YES;
				CLANG_WARN_COMMA = YES;
				CLANG_WARN_CONSTANT_CONVERSION = YES;
				CLANG_WARN_DEPRECATED_OBJC_IMPLEMENTATIONS = YES;
				CLANG_WARN_DIRECT_OBJC_ISA_USAGE = YES_ERROR;
				CLANG_WARN_DOCUMENTATION_COMMENTS = YES;
				CLANG_WARN_EMPTY_BODY = YES;
				CLANG_WARN_ENUM_CONVERSION = YES;
				CLANG_WARN_INFINITE_RECURSION = YES;
				CLANG_WARN_INT_CONVERSION = YES;
				CLANG_WARN_NON_LITERAL_NULL_CONVERSION = YES;
				CLANG_WARN_OBJC_IMPLICIT_RETAIN_SELF = YES;
				CLANG_WARN_OBJC_LITERAL_CONVERSION = YES;
				CLANG_WARN_OBJC_ROOT_CLASS = YES_ERROR;
				CLANG_WARN_QUOTED_INCLUDE_IN_FRAMEWORK_HEADER = YES;
				CLANG_WARN_RANGE_LOOP_ANALYSIS = YES;
				CLANG_WARN_STRICT_PROTOTYPES = YES;
				CLANG_WARN_SUSPICIOUS_MOVE = YES;
				CLANG_WARN_UNGUARDED_AVAILABILITY = YES_AGGRESSIVE;
				CLANG_WARN_UNREACHABLE_CODE = YES;
				CLANG_WARN__DUPLICATE_METHOD_MATCH = YES;
				COPY_PHASE_STRIP = NO;
				DEBUG_INFORMATION_FORMAT = dwarf;
				ENABLE_STRICT_OBJC_MSGSEND = YES;
				ENABLE_TESTABILITY = YES;
				GCC_C_LANGUAGE_STANDARD = gnu11;
				GCC_DYNAMIC_NO_PIC = NO;
				GCC_NO_COMMON_BLOCKS = YES;
				GCC_OPTIMIZATION_LEVEL = 0;
				GCC_PREPROCESSOR_DEFINITIONS = (
					"DEBUG=1",
					"$(inherited)",
				);
				GCC_WARN_64_TO_32_BIT_CONVERSION = YES;
				GCC_WARN_ABOUT_RETURN_TYPE = YES_ERROR;
				GCC_WARN_UNDECLARED_SELECTOR = YES;
				GCC_WARN_UNINITIALIZED_AUTOS = YES_AGGRESSIVE;
				GCC_WARN_UNUSED_FUNCTION = YES;
				GCC_WARN_UNUSED_VARIABLE = YES;
				IPHONEOS_DEPLOYMENT_TARGET = 15.0;
				MTL_ENABLE_DEBUG_INFO = INCLUDE_SOURCE;
				MTL_FAST_MATH = YES;
				ONLY_ACTIVE_ARCH = YES;
				SDKROOT = iphoneos;
				SWIFT_ACTIVE_COMPILATION_CONDITIONS = DEBUG;
				SWIFT_OPTIMIZATION_LEVEL = "-Onone";
			};
			name = Debug;
		};
		AD43F1F426158A660068AABC /* Release */ = {
			isa = XCBuildConfiguration;
			baseConfigurationReference = 6EC8C05DC1E92B40CD3EBA87 /* SampleCode.xcconfig */;
			buildSettings = {
				ALWAYS_SEARCH_USER_PATHS = NO;
				CLANG_ANALYZER_NONNULL = YES;
				CLANG_ANALYZER_NUMBER_OBJECT_CONVERSION = YES_AGGRESSIVE;
				CLANG_CXX_LANGUAGE_STANDARD = "gnu++14";
				CLANG_CXX_LIBRARY = "libc++";
				CLANG_ENABLE_MODULES = YES;
				CLANG_ENABLE_OBJC_ARC = YES;
				CLANG_ENABLE_OBJC_WEAK = YES;
				CLANG_WARN_BLOCK_CAPTURE_AUTORELEASING = YES;
				CLANG_WARN_BOOL_CONVERSION = YES;
				CLANG_WARN_COMMA = YES;
				CLANG_WARN_CONSTANT_CONVERSION = YES;
				CLANG_WARN_DEPRECATED_OBJC_IMPLEMENTATIONS = YES;
				CLANG_WARN_DIRECT_OBJC_ISA_USAGE = YES_ERROR;
				CLANG_WARN_DOCUMENTATION_COMMENTS = YES;
				CLANG_WARN_EMPTY_BODY = YES;
				CLANG_WARN_ENUM_CONVERSION = YES;
				CLANG_WARN_INFINITE_RECURSION = YES;
				CLANG_WARN_INT_CONVERSION = YES;
				CLANG_WARN_NON_LITERAL_NULL_CONVERSION = YES;
				CLANG_WARN_OBJC_IMPLICIT_RETAIN_SELF = YES;
				CLANG_WARN_OBJC_LITERAL_CONVERSION = YES;
				CLANG_WARN_OBJC_ROOT_CLASS = YES_ERROR;
				CLANG_WARN_QUOTED_INCLUDE_IN_FRAMEWORK_HEADER = YES;
				CLANG_WARN_RANGE_LOOP_ANALYSIS = YES;
				CLANG_WARN_STRICT_PROTOTYPES = YES;
				CLANG_WARN_SUSPICIOUS_MOVE = YES;
				CLANG_WARN_UNGUARDED_AVAILABILITY = YES_AGGRESSIVE;
				CLANG_WARN_UNREACHABLE_CODE = YES;
				CLANG_WARN__DUPLICATE_METHOD_MATCH = YES;
				COPY_PHASE_STRIP = NO;
				DEBUG_INFORMATION_FORMAT = "dwarf-with-dsym";
				ENABLE_NS_ASSERTIONS = NO;
				ENABLE_STRICT_OBJC_MSGSEND = YES;
				GCC_C_LANGUAGE_STANDARD = gnu11;
				GCC_NO_COMMON_BLOCKS = YES;
				GCC_WARN_64_TO_32_BIT_CONVERSION = YES;
				GCC_WARN_ABOUT_RETURN_TYPE = YES_ERROR;
				GCC_WARN_UNDECLARED_SELECTOR = YES;
				GCC_WARN_UNINITIALIZED_AUTOS = YES_AGGRESSIVE;
				GCC_WARN_UNUSED_FUNCTION = YES;
				GCC_WARN_UNUSED_VARIABLE = YES;
				IPHONEOS_DEPLOYMENT_TARGET = 15.0;
				MTL_ENABLE_DEBUG_INFO = NO;
				MTL_FAST_MATH = YES;
				SDKROOT = iphoneos;
				SWIFT_COMPILATION_MODE = wholemodule;
				SWIFT_OPTIMIZATION_LEVEL = "-O";
				VALIDATE_PRODUCT = YES;
			};
			name = Release;
		};
		AD43F1F626158A660068AABC /* Debug */ = {
			isa = XCBuildConfiguration;
			baseConfigurationReference = 6EC8C05DC1E92B40CD3EBA87 /* SampleCode.xcconfig */;
			buildSettings = {
				ASSETCATALOG_COMPILER_APPICON_NAME = AppIcon;
				ASSETCATALOG_COMPILER_GLOBAL_ACCENT_COLOR_NAME = AccentColor;
				"CODE_SIGN_IDENTITY[sdk=macosx*]" = "-";
				CODE_SIGN_STYLE = Automatic;
				CURRENT_PROJECT_VERSION = 1;
				DEVELOPMENT_ASSET_PATHS = "\"Earthquakes/Preview Content\"";
				DEVELOPMENT_TEAM = "";
				ENABLE_PREVIEWS = YES;
				GENERATE_INFOPLIST_FILE = YES;
				INFOPLIST_KEY_UIApplicationSceneManifest_Generation = YES;
				INFOPLIST_KEY_UIApplicationSupportsIndirectInputEvents = YES;
				INFOPLIST_KEY_UILaunchScreen_Generation = YES;
				INFOPLIST_KEY_UISupportedInterfaceOrientations_iPad = "UIInterfaceOrientationPortrait UIInterfaceOrientationPortraitUpsideDown UIInterfaceOrientationLandscapeLeft UIInterfaceOrientationLandscapeRight";
				INFOPLIST_KEY_UISupportedInterfaceOrientations_iPhone = "UIInterfaceOrientationPortrait UIInterfaceOrientationLandscapeLeft UIInterfaceOrientationLandscapeRight";
				IPHONEOS_DEPLOYMENT_TARGET = 15.0;
				LD_RUNPATH_SEARCH_PATHS = (
					"$(inherited)",
					"@executable_path/Frameworks",
				);
				MARKETING_VERSION = 1.0;
				OTHER_SWIFT_FLAGS = "-Xfrontend -enable-experimental-concurrency";
				PRODUCT_BUNDLE_IDENTIFIER = "com.example.apple-samplecode.Earthquakes${SAMPLE_CODE_DISAMBIGUATOR}";
				PRODUCT_NAME = Earthquakes;
				PROVISIONING_PROFILE_SPECIFIER = "";
				SDKROOT = iphoneos;
				SUPPORTS_MACCATALYST = NO;
				SWIFT_VERSION = 5.0;
				TARGETED_DEVICE_FAMILY = "1,2";
			};
			name = Debug;
		};
		AD43F1F726158A660068AABC /* Release */ = {
			isa = XCBuildConfiguration;
			baseConfigurationReference = 6EC8C05DC1E92B40CD3EBA87 /* SampleCode.xcconfig */;
			buildSettings = {
				ASSETCATALOG_COMPILER_APPICON_NAME = AppIcon;
				ASSETCATALOG_COMPILER_GLOBAL_ACCENT_COLOR_NAME = AccentColor;
				"CODE_SIGN_IDENTITY[sdk=macosx*]" = "-";
				CODE_SIGN_STYLE = Automatic;
				CURRENT_PROJECT_VERSION = 1;
				DEVELOPMENT_ASSET_PATHS = "\"Earthquakes/Preview Content\"";
				DEVELOPMENT_TEAM = "";
				ENABLE_PREVIEWS = YES;
				GENERATE_INFOPLIST_FILE = YES;
				INFOPLIST_KEY_UIApplicationSceneManifest_Generation = YES;
				INFOPLIST_KEY_UIApplicationSupportsIndirectInputEvents = YES;
				INFOPLIST_KEY_UILaunchScreen_Generation = YES;
				INFOPLIST_KEY_UISupportedInterfaceOrientations_iPad = "UIInterfaceOrientationPortrait UIInterfaceOrientationPortraitUpsideDown UIInterfaceOrientationLandscapeLeft UIInterfaceOrientationLandscapeRight";
				INFOPLIST_KEY_UISupportedInterfaceOrientations_iPhone = "UIInterfaceOrientationPortrait UIInterfaceOrientationLandscapeLeft UIInterfaceOrientationLandscapeRight";
				IPHONEOS_DEPLOYMENT_TARGET = 15.0;
				LD_RUNPATH_SEARCH_PATHS = (
					"$(inherited)",
					"@executable_path/Frameworks",
				);
				MARKETING_VERSION = 1.0;
				OTHER_SWIFT_FLAGS = "-Xfrontend -enable-experimental-concurrency";
				PRODUCT_BUNDLE_IDENTIFIER = "com.example.apple-samplecode.Earthquakes${SAMPLE_CODE_DISAMBIGUATOR}";
				PRODUCT_NAME = Earthquakes;
				PROVISIONING_PROFILE_SPECIFIER = "";
				SDKROOT = iphoneos;
				SUPPORTS_MACCATALYST = NO;
				SWIFT_VERSION = 5.0;
				TARGETED_DEVICE_FAMILY = "1,2";
			};
			name = Release;
		};
/* End XCBuildConfiguration section */

/* Begin XCConfigurationList section */
		2C058CE52952282A006C676F /* Build configuration list for PBXNativeTarget "EarthquakesTests" */ = {
			isa = XCConfigurationList;
			buildConfigurations = (
				2C058CE62952282A006C676F /* Debug */,
				2C058CE72952282A006C676F /* Release */,
			);
			defaultConfigurationIsVisible = 0;
			defaultConfigurationName = Release;
		};
		AD43F1DD26158A630068AABC /* Build configuration list for PBXProject "Earthquakes" */ = {
			isa = XCConfigurationList;
			buildConfigurations = (
				AD43F1F326158A660068AABC /* Debug */,
				AD43F1F426158A660068AABC /* Release */,
			);
			defaultConfigurationIsVisible = 0;
			defaultConfigurationName = Release;
		};
		AD43F1F526158A660068AABC /* Build configuration list for PBXNativeTarget "Earthquakes-iOS" */ = {
			isa = XCConfigurationList;
			buildConfigurations = (
				AD43F1F626158A660068AABC /* Debug */,
				AD43F1F726158A660068AABC /* Release */,
			);
			defaultConfigurationIsVisible = 0;
			defaultConfigurationName = Release;
		};
/* End XCConfigurationList section */
	};
	rootObject = AD43F1DA26158A630068AABC /* Project object */;
}
